// !$*UTF8*$!
{
	archiveVersion = 1;
	classes = {
	};
	objectVersion = 77;
	objects = {

/* Begin PBXContainerItemProxy section */
		68B3DEB52D398C4F00221868 /* PBXContainerItemProxy */ = {
			isa = PBXContainerItemProxy;
			containerPortal = 68B3DE9C2D398C4F00221868 /* Project object */;
			proxyType = 1;
			remoteGlobalIDString = 68B3DEA32D398C4F00221868;
			remoteInfo = GiggleGallery;
		};
		68B3DEBF2D398C4F00221868 /* PBXContainerItemProxy */ = {
			isa = PBXContainerItemProxy;
			containerPortal = 68B3DE9C2D398C4F00221868 /* Project object */;
			proxyType = 1;
			remoteGlobalIDString = 68B3DEA32D398C4F00221868;
			remoteInfo = GiggleGallery;
		};
/* End PBXContainerItemProxy section */

/* Begin PBXFileReference section */
		68B3DEA42D398C4F00221868 /* GiggleGallery.app */ = {isa = PBXFileReference; explicitFileType = wrapper.application; includeInIndex = 0; path = GiggleGallery.app; sourceTree = BUILT_PRODUCTS_DIR; };
		68B3DEB42D398C4F00221868 /* GiggleGalleryTests.xctest */ = {isa = PBXFileReference; explicitFileType = wrapper.cfbundle; includeInIndex = 0; path = GiggleGalleryTests.xctest; sourceTree = BUILT_PRODUCTS_DIR; };
		68B3DEBE2D398C4F00221868 /* GiggleGalleryUITests.xctest */ = {isa = PBXFileReference; explicitFileType = wrapper.cfbundle; includeInIndex = 0; path = GiggleGalleryUITests.xctest; sourceTree = BUILT_PRODUCTS_DIR; };
/* End PBXFileReference section */

/* Begin PBXFileSystemSynchronizedRootGroup section */
		68B3DEA62D398C4F00221868 /* GiggleGallery */ = {
			isa = PBXFileSystemSynchronizedRootGroup;
			path = GiggleGallery;
			sourceTree = "<group>";
		};
		68B3DEB72D398C4F00221868 /* GiggleGalleryTests */ = {
			isa = PBXFileSystemSynchronizedRootGroup;
			path = GiggleGalleryTests;
			sourceTree = "<group>";
		};
		68B3DEC12D398C4F00221868 /* GiggleGalleryUITests */ = {
			isa = PBXFileSystemSynchronizedRootGroup;
			path = GiggleGalleryUITests;
			sourceTree = "<group>";
		};
/* End PBXFileSystemSynchronizedRootGroup section */

/* Begin PBXFrameworksBuildPhase section */
		68B3DEA12D398C4F00221868 /* Frameworks */ = {
			isa = PBXFrameworksBuildPhase;
			buildActionMask = 2147483647;
			files = (
			);
			runOnlyForDeploymentPostprocessing = 0;
		};
		68B3DEB12D398C4F00221868 /* Frameworks */ = {
			isa = PBXFrameworksBuildPhase;
			buildActionMask = 2147483647;
			files = (
			);
			runOnlyForDeploymentPostprocessing = 0;
		};
		68B3DEBB2D398C4F00221868 /* Frameworks */ = {
			isa = PBXFrameworksBuildPhase;
			buildActionMask = 2147483647;
			files = (
			);
			runOnlyForDeploymentPostprocessing = 0;
		};
/* End PBXFrameworksBuildPhase section */

/* Begin PBXGroup section */
		68B3DE9B2D398C4F00221868 = {
			isa = PBXGroup;
			children = (
				68B3DEA62D398C4F00221868 /* GiggleGallery */,
				68B3DEB72D398C4F00221868 /* GiggleGalleryTests */,
				68B3DEC12D398C4F00221868 /* GiggleGalleryUITests */,
				68B3DEA52D398C4F00221868 /* Products */,
			);
			sourceTree = "<group>";
		};
		68B3DEA52D398C4F00221868 /* Products */ = {
			isa = PBXGroup;
			children = (
				68B3DEA42D398C4F00221868 /* GiggleGallery.app */,
				68B3DEB42D398C4F00221868 /* GiggleGalleryTests.xctest */,
				68B3DEBE2D398C4F00221868 /* GiggleGalleryUITests.xctest */,
			);
			name = Products;
			sourceTree = "<group>";
		};
/* End PBXGroup section */

/* Begin PBXNativeTarget section */
		68B3DEA32D398C4F00221868 /* GiggleGallery */ = {
			isa = PBXNativeTarget;
			buildConfigurationList = 68B3DEC82D398C4F00221868 /* Build configuration list for PBXNativeTarget "GiggleGallery" */;
			buildPhases = (
				68B3DEA02D398C4F00221868 /* Sources */,
				68B3DEA12D398C4F00221868 /* Frameworks */,
				68B3DEA22D398C4F00221868 /* Resources */,
			);
			buildRules = (
			);
			dependencies = (
			);
			fileSystemSynchronizedGroups = (
				68B3DEA62D398C4F00221868 /* GiggleGallery */,
			);
			name = GiggleGallery;
			packageProductDependencies = (
			);
			productName = GiggleGallery;
			productReference = 68B3DEA42D398C4F00221868 /* GiggleGallery.app */;
			productType = "com.apple.product-type.application";
		};
		68B3DEB32D398C4F00221868 /* GiggleGalleryTests */ = {
			isa = PBXNativeTarget;
			buildConfigurationList = 68B3DECB2D398C4F00221868 /* Build configuration list for PBXNativeTarget "GiggleGalleryTests" */;
			buildPhases = (
				68B3DEB02D398C4F00221868 /* Sources */,
				68B3DEB12D398C4F00221868 /* Frameworks */,
				68B3DEB22D398C4F00221868 /* Resources */,
			);
			buildRules = (
			);
			dependencies = (
				68B3DEB62D398C4F00221868 /* PBXTargetDependency */,
			);
			fileSystemSynchronizedGroups = (
				68B3DEB72D398C4F00221868 /* GiggleGalleryTests */,
			);
			name = GiggleGalleryTests;
			packageProductDependencies = (
			);
			productName = GiggleGalleryTests;
			productReference = 68B3DEB42D398C4F00221868 /* GiggleGalleryTests.xctest */;
			productType = "com.apple.product-type.bundle.unit-test";
		};
		68B3DEBD2D398C4F00221868 /* GiggleGalleryUITests */ = {
			isa = PBXNativeTarget;
			buildConfigurationList = 68B3DECE2D398C4F00221868 /* Build configuration list for PBXNativeTarget "GiggleGalleryUITests" */;
			buildPhases = (
				68B3DEBA2D398C4F00221868 /* Sources */,
				68B3DEBB2D398C4F00221868 /* Frameworks */,
				68B3DEBC2D398C4F00221868 /* Resources */,
			);
			buildRules = (
			);
			dependencies = (
				68B3DEC02D398C4F00221868 /* PBXTargetDependency */,
			);
			fileSystemSynchronizedGroups = (
				68B3DEC12D398C4F00221868 /* GiggleGalleryUITests */,
			);
			name = GiggleGalleryUITests;
			packageProductDependencies = (
			);
			productName = GiggleGalleryUITests;
			productReference = 68B3DEBE2D398C4F00221868 /* GiggleGalleryUITests.xctest */;
			productType = "com.apple.product-type.bundle.ui-testing";
		};
/* End PBXNativeTarget section */

/* Begin PBXProject section */
		68B3DE9C2D398C4F00221868 /* Project object */ = {
			isa = PBXProject;
			attributes = {
				BuildIndependentTargetsInParallel = 1;
				LastSwiftUpdateCheck = 1610;
				LastUpgradeCheck = 1610;
				TargetAttributes = {
					68B3DEA32D398C4F00221868 = {
						CreatedOnToolsVersion = 16.1;
					};
					68B3DEB32D398C4F00221868 = {
						CreatedOnToolsVersion = 16.1;
						TestTargetID = 68B3DEA32D398C4F00221868;
					};
					68B3DEBD2D398C4F00221868 = {
						CreatedOnToolsVersion = 16.1;
						TestTargetID = 68B3DEA32D398C4F00221868;
					};
				};
			};
			buildConfigurationList = 68B3DE9F2D398C4F00221868 /* Build configuration list for PBXProject "GiggleGallery" */;
			developmentRegion = en;
			hasScannedForEncodings = 0;
			knownRegions = (
				en,
				Base,
			);
			mainGroup = 68B3DE9B2D398C4F00221868;
			minimizedProjectReferenceProxies = 1;
			preferredProjectObjectVersion = 77;
			productRefGroup = 68B3DEA52D398C4F00221868 /* Products */;
			projectDirPath = "";
			projectRoot = "";
			targets = (
				68B3DEA32D398C4F00221868 /* GiggleGallery */,
				68B3DEB32D398C4F00221868 /* GiggleGalleryTests */,
				68B3DEBD2D398C4F00221868 /* GiggleGalleryUITests */,
			);
		};
/* End PBXProject section */

/* Begin PBXResourcesBuildPhase section */
		68B3DEA22D398C4F00221868 /* Resources */ = {
			isa = PBXResourcesBuildPhase;
			buildActionMask = 2147483647;
			files = (
			);
			runOnlyForDeploymentPostprocessing = 0;
		};
		68B3DEB22D398C4F00221868 /* Resources */ = {
			isa = PBXResourcesBuildPhase;
			buildActionMask = 2147483647;
			files = (
			);
			runOnlyForDeploymentPostprocessing = 0;
		};
		68B3DEBC2D398C4F00221868 /* Resources */ = {
			isa = PBXResourcesBuildPhase;
			buildActionMask = 2147483647;
			files = (
			);
			runOnlyForDeploymentPostprocessing = 0;
		};
/* End PBXResourcesBuildPhase section */

/* Begin PBXSourcesBuildPhase section */
		68B3DEA02D398C4F00221868 /* Sources */ = {
			isa = PBXSourcesBuildPhase;
			buildActionMask = 2147483647;
			files = (
			);
			runOnlyForDeploymentPostprocessing = 0;
		};
		68B3DEB02D398C4F00221868 /* Sources */ = {
			isa = PBXSourcesBuildPhase;
			buildActionMask = 2147483647;
			files = (
			);
			runOnlyForDeploymentPostprocessing = 0;
		};
		68B3DEBA2D398C4F00221868 /* Sources */ = {
			isa = PBXSourcesBuildPhase;
			buildActionMask = 2147483647;
			files = (
			);
			runOnlyForDeploymentPostprocessing = 0;
		};
/* End PBXSourcesBuildPhase section */

/* Begin PBXTargetDependency section */
		68B3DEB62D398C4F00221868 /* PBXTargetDependency */ = {
			isa = PBXTargetDependency;
			target = 68B3DEA32D398C4F00221868 /* GiggleGallery */;
			targetProxy = 68B3DEB52D398C4F00221868 /* PBXContainerItemProxy */;
		};
		68B3DEC02D398C4F00221868 /* PBXTargetDependency */ = {
			isa = PBXTargetDependency;
			target = 68B3DEA32D398C4F00221868 /* GiggleGallery */;
			targetProxy = 68B3DEBF2D398C4F00221868 /* PBXContainerItemProxy */;
		};
/* End PBXTargetDependency section */

/* Begin XCBuildConfiguration section */
		68B3DEC62D398C4F00221868 /* Debug */ = {
			isa = XCBuildConfiguration;
			buildSettings = {
				ALWAYS_SEARCH_USER_PATHS = NO;
				ASSETCATALOG_COMPILER_GENERATE_SWIFT_ASSET_SYMBOL_EXTENSIONS = YES;
				CLANG_ANALYZER_NONNULL = YES;
				CLANG_ANALYZER_NUMBER_OBJECT_CONVERSION = YES_AGGRESSIVE;
				CLANG_CXX_LANGUAGE_STANDARD = "gnu++20";
				CLANG_ENABLE_MODULES = YES;
				CLANG_ENABLE_OBJC_ARC = YES;
				CLANG_ENABLE_OBJC_WEAK = YES;
				CLANG_WARN_BLOCK_CAPTURE_AUTORELEASING = YES;
				CLANG_WARN_BOOL_CONVERSION = YES;
				CLANG_WARN_COMMA = YES;
				CLANG_WARN_CONSTANT_CONVERSION = YES;
				CLANG_WARN_DEPRECATED_OBJC_IMPLEMENTATIONS = YES;
				CLANG_WARN_DIRECT_OBJC_ISA_USAGE = YES_ERROR;
				CLANG_WARN_DOCUMENTATION_COMMENTS = YES;
				CLANG_WARN_EMPTY_BODY = YES;
				CLANG_WARN_ENUM_CONVERSION = YES;
				CLANG_WARN_INFINITE_RECURSION = YES;
				CLANG_WARN_INT_CONVERSION = YES;
				CLANG_WARN_NON_LITERAL_NULL_CONVERSION = YES;
				CLANG_WARN_OBJC_IMPLICIT_RETAIN_SELF = YES;
				CLANG_WARN_OBJC_LITERAL_CONVERSION = YES;
				CLANG_WARN_OBJC_ROOT_CLASS = YES_ERROR;
				CLANG_WARN_QUOTED_INCLUDE_IN_FRAMEWORK_HEADER = YES;
				CLANG_WARN_RANGE_LOOP_ANALYSIS = YES;
				CLANG_WARN_STRICT_PROTOTYPES = YES;
				CLANG_WARN_SUSPICIOUS_MOVE = YES;
				CLANG_WARN_UNGUARDED_AVAILABILITY = YES_AGGRESSIVE;
				CLANG_WARN_UNREACHABLE_CODE = YES;
				CLANG_WARN__DUPLICATE_METHOD_MATCH = YES;
				COPY_PHASE_STRIP = NO;
				DEBUG_INFORMATION_FORMAT = dwarf;
				ENABLE_STRICT_OBJC_MSGSEND = YES;
				ENABLE_TESTABILITY = YES;
				ENABLE_USER_SCRIPT_SANDBOXING = YES;
				GCC_C_LANGUAGE_STANDARD = gnu17;
				GCC_DYNAMIC_NO_PIC = NO;
				GCC_NO_COMMON_BLOCKS = YES;
				GCC_OPTIMIZATION_LEVEL = 0;
				GCC_PREPROCESSOR_DEFINITIONS = (
					"DEBUG=1",
					"$(inherited)",
				);
				GCC_WARN_64_TO_32_BIT_CONVERSION = YES;
				GCC_WARN_ABOUT_RETURN_TYPE = YES_ERROR;
				GCC_WARN_UNDECLARED_SELECTOR = YES;
				GCC_WARN_UNINITIALIZED_AUTOS = YES_AGGRESSIVE;
				GCC_WARN_UNUSED_FUNCTION = YES;
				GCC_WARN_UNUSED_VARIABLE = YES;
				INFOPLIST_KEY_NSPhotoLibraryUsageDescription = "";
				IPHONEOS_DEPLOYMENT_TARGET = 18.1;
				LOCALIZATION_PREFERS_STRING_CATALOGS = YES;
				MTL_ENABLE_DEBUG_INFO = INCLUDE_SOURCE;
				MTL_FAST_MATH = YES;
				ONLY_ACTIVE_ARCH = YES;
				SDKROOT = iphoneos;
				SWIFT_ACTIVE_COMPILATION_CONDITIONS = "DEBUG $(inherited)";
				SWIFT_OPTIMIZATION_LEVEL = "-Onone";
			};
			name = Debug;
		};
		68B3DEC72D398C4F00221868 /* Release */ = {
			isa = XCBuildConfiguration;
			buildSettings = {
				ALWAYS_SEARCH_USER_PATHS = NO;
				ASSETCATALOG_COMPILER_GENERATE_SWIFT_ASSET_SYMBOL_EXTENSIONS = YES;
				CLANG_ANALYZER_NONNULL = YES;
				CLANG_ANALYZER_NUMBER_OBJECT_CONVERSION = YES_AGGRESSIVE;
				CLANG_CXX_LANGUAGE_STANDARD = "gnu++20";
				CLANG_ENABLE_MODULES = YES;
				CLANG_ENABLE_OBJC_ARC = YES;
				CLANG_ENABLE_OBJC_WEAK = YES;
				CLANG_WARN_BLOCK_CAPTURE_AUTORELEASING = YES;
				CLANG_WARN_BOOL_CONVERSION = YES;
				CLANG_WARN_COMMA = YES;
				CLANG_WARN_CONSTANT_CONVERSION = YES;
				CLANG_WARN_DEPRECATED_OBJC_IMPLEMENTATIONS = YES;
				CLANG_WARN_DIRECT_OBJC_ISA_USAGE = YES_ERROR;
				CLANG_WARN_DOCUMENTATION_COMMENTS = YES;
				CLANG_WARN_EMPTY_BODY = YES;
				CLANG_WARN_ENUM_CONVERSION = YES;
				CLANG_WARN_INFINITE_RECURSION = YES;
				CLANG_WARN_INT_CONVERSION = YES;
				CLANG_WARN_NON_LITERAL_NULL_CONVERSION = YES;
				CLANG_WARN_OBJC_IMPLICIT_RETAIN_SELF = YES;
				CLANG_WARN_OBJC_LITERAL_CONVERSION = YES;
				CLANG_WARN_OBJC_ROOT_CLASS = YES_ERROR;
				CLANG_WARN_QUOTED_INCLUDE_IN_FRAMEWORK_HEADER = YES;
				CLANG_WARN_RANGE_LOOP_ANALYSIS = YES;
				CLANG_WARN_STRICT_PROTOTYPES = YES;
				CLANG_WARN_SUSPICIOUS_MOVE = YES;
				CLANG_WARN_UNGUARDED_AVAILABILITY = YES_AGGRESSIVE;
				CLANG_WARN_UNREACHABLE_CODE = YES;
				CLANG_WARN__DUPLICATE_METHOD_MATCH = YES;
				COPY_PHASE_STRIP = NO;
				DEBUG_INFORMATION_FORMAT = "dwarf-with-dsym";
				ENABLE_NS_ASSERTIONS = NO;
				ENABLE_STRICT_OBJC_MSGSEND = YES;
				ENABLE_USER_SCRIPT_SANDBOXING = YES;
				GCC_C_LANGUAGE_STANDARD = gnu17;
				GCC_NO_COMMON_BLOCKS = YES;
				GCC_WARN_64_TO_32_BIT_CONVERSION = YES;
				GCC_WARN_ABOUT_RETURN_TYPE = YES_ERROR;
				GCC_WARN_UNDECLARED_SELECTOR = YES;
				GCC_WARN_UNINITIALIZED_AUTOS = YES_AGGRESSIVE;
				GCC_WARN_UNUSED_FUNCTION = YES;
				GCC_WARN_UNUSED_VARIABLE = YES;
				INFOPLIST_KEY_NSPhotoLibraryUsageDescription = "";
				IPHONEOS_DEPLOYMENT_TARGET = 18.1;
				LOCALIZATION_PREFERS_STRING_CATALOGS = YES;
				MTL_ENABLE_DEBUG_INFO = NO;
				MTL_FAST_MATH = YES;
				SDKROOT = iphoneos;
				SWIFT_COMPILATION_MODE = wholemodule;
				VALIDATE_PRODUCT = YES;
			};
			name = Release;
		};
		68B3DEC92D398C4F00221868 /* Debug */ = {
			isa = XCBuildConfiguration;
			buildSettings = {
				ASSETCATALOG_COMPILER_APPICON_NAME = AppIcon;
				ASSETCATALOG_COMPILER_GLOBAL_ACCENT_COLOR_NAME = AccentColor;
				CODE_SIGN_STYLE = Automatic;
				CURRENT_PROJECT_VERSION = 1;
				DEVELOPMENT_ASSET_PATHS = "\"GiggleGallery/Preview Content\"";
				DEVELOPMENT_TEAM = X7V89KC54E;
				ENABLE_PREVIEWS = YES;
				GENERATE_INFOPLIST_FILE = YES;
				INFOPLIST_KEY_UIApplicationSceneManifest_Generation = YES;
				INFOPLIST_KEY_UIApplicationSupportsIndirectInputEvents = YES;
				INFOPLIST_KEY_UILaunchScreen_Generation = YES;
				INFOPLIST_KEY_UISupportedInterfaceOrientations_iPad = "UIInterfaceOrientationPortrait UIInterfaceOrientationPortraitUpsideDown UIInterfaceOrientationLandscapeLeft UIInterfaceOrientationLandscapeRight";
				INFOPLIST_KEY_UISupportedInterfaceOrientations_iPhone = "UIInterfaceOrientationPortrait UIInterfaceOrientationLandscapeLeft UIInterfaceOrientationLandscapeRight";
				LD_RUNPATH_SEARCH_PATHS = (
					"$(inherited)",
					"@executable_path/Frameworks",
				);
				MARKETING_VERSION = 1.0;
				PRODUCT_BUNDLE_IDENTIFIER = com.adam.GiggleGallery;
				PRODUCT_NAME = "$(TARGET_NAME)";
				SWIFT_EMIT_LOC_STRINGS = YES;
				SWIFT_VERSION = 5.0;
				TARGETED_DEVICE_FAMILY = "1,2";
			};
			name = Debug;
		};
		68B3DECA2D398C4F00221868 /* Release */ = {
			isa = XCBuildConfiguration;
			buildSettings = {
				ASSETCATALOG_COMPILER_APPICON_NAME = AppIcon;
				ASSETCATALOG_COMPILER_GLOBAL_ACCENT_COLOR_NAME = AccentColor;
				CODE_SIGN_STYLE = Automatic;
				CURRENT_PROJECT_VERSION = 1;
				DEVELOPMENT_ASSET_PATHS = "\"GiggleGallery/Preview Content\"";
				DEVELOPMENT_TEAM = X7V89KC54E;
				ENABLE_PREVIEWS = YES;
				GENERATE_INFOPLIST_FILE = YES;
				INFOPLIST_KEY_UIApplicationSceneManifest_Generation = YES;
				INFOPLIST_KEY_UIApplicationSupportsIndirectInputEvents = YES;
				INFOPLIST_KEY_UILaunchScreen_Generation = YES;
				INFOPLIST_KEY_UISupportedInterfaceOrientations_iPad = "UIInterfaceOrientationPortrait UIInterfaceOrientationPortraitUpsideDown UIInterfaceOrientationLandscapeLeft UIInterfaceOrientationLandscapeRight";
				INFOPLIST_KEY_UISupportedInterfaceOrientations_iPhone = "UIInterfaceOrientationPortrait UIInterfaceOrientationLandscapeLeft UIInterfaceOrientationLandscapeRight";
				LD_RUNPATH_SEARCH_PATHS = (
					"$(inherited)",
					"@executable_path/Frameworks",
				);
				MARKETING_VERSION = 1.0;
				PRODUCT_BUNDLE_IDENTIFIER = com.adam.GiggleGallery;
				PRODUCT_NAME = "$(TARGET_NAME)";
				SWIFT_EMIT_LOC_STRINGS = YES;
				SWIFT_VERSION = 5.0;
				TARGETED_DEVICE_FAMILY = "1,2";
			};
			name = Release;
		};
		68B3DECC2D398C4F00221868 /* Debug */ = {
			isa = XCBuildConfiguration;
			buildSettings = {
				BUNDLE_LOADER = "$(TEST_HOST)";
				CODE_SIGN_STYLE = Automatic;
				CURRENT_PROJECT_VERSION = 1;
				GENERATE_INFOPLIST_FILE = YES;
				IPHONEOS_DEPLOYMENT_TARGET = 18.1;
				MARKETING_VERSION = 1.0;
				PRODUCT_BUNDLE_IDENTIFIER = com.adam.GiggleGalleryTests;
				PRODUCT_NAME = "$(TARGET_NAME)";
				SWIFT_EMIT_LOC_STRINGS = NO;
				SWIFT_VERSION = 5.0;
				TARGETED_DEVICE_FAMILY = "1,2";
				TEST_HOST = "$(BUILT_PRODUCTS_DIR)/GiggleGallery.app/$(BUNDLE_EXECUTABLE_FOLDER_PATH)/GiggleGallery";
			};
			name = Debug;
		};
		68B3DECD2D398C4F00221868 /* Release */ = {
			isa = XCBuildConfiguration;
			buildSettings = {
				BUNDLE_LOADER = "$(TEST_HOST)";
				CODE_SIGN_STYLE = Automatic;
				CURRENT_PROJECT_VERSION = 1;
				GENERATE_INFOPLIST_FILE = YES;
				IPHONEOS_DEPLOYMENT_TARGET = 18.1;
				MARKETING_VERSION = 1.0;
				PRODUCT_BUNDLE_IDENTIFIER = com.adam.GiggleGalleryTests;
				PRODUCT_NAME = "$(TARGET_NAME)";
				SWIFT_EMIT_LOC_STRINGS = NO;
				SWIFT_VERSION = 5.0;
				TARGETED_DEVICE_FAMILY = "1,2";
				TEST_HOST = "$(BUILT_PRODUCTS_DIR)/GiggleGallery.app/$(BUNDLE_EXECUTABLE_FOLDER_PATH)/GiggleGallery";
			};
			name = Release;
		};
		68B3DECF2D398C4F00221868 /* Debug */ = {
			isa = XCBuildConfiguration;
			buildSettings = {
				CODE_SIGN_STYLE = Automatic;
				CURRENT_PROJECT_VERSION = 1;
				GENERATE_INFOPLIST_FILE = YES;
				MARKETING_VERSION = 1.0;
				PRODUCT_BUNDLE_IDENTIFIER = com.adam.GiggleGalleryUITests;
				PRODUCT_NAME = "$(TARGET_NAME)";
				SWIFT_EMIT_LOC_STRINGS = NO;
				SWIFT_VERSION = 5.0;
				TARGETED_DEVICE_FAMILY = "1,2";
				TEST_TARGET_NAME = GiggleGallery;
			};
			name = Debug;
		};
		68B3DED02D398C4F00221868 /* Release */ = {
			isa = XCBuildConfiguration;
			buildSettings = {
				CODE_SIGN_STYLE = Automatic;
				CURRENT_PROJECT_VERSION = 1;
				GENERATE_INFOPLIST_FILE = YES;
				MARKETING_VERSION = 1.0;
				PRODUCT_BUNDLE_IDENTIFIER = com.adam.GiggleGalleryUITests;
				PRODUCT_NAME = "$(TARGET_NAME)";
				SWIFT_EMIT_LOC_STRINGS = NO;
				SWIFT_VERSION = 5.0;
				TARGETED_DEVICE_FAMILY = "1,2";
				TEST_TARGET_NAME = GiggleGallery;
			};
			name = Release;
		};
/* End XCBuildConfiguration section */

/* Begin XCConfigurationList section */
		68B3DE9F2D398C4F00221868 /* Build configuration list for PBXProject "GiggleGallery" */ = {
			isa = XCConfigurationList;
			buildConfigurations = (
				68B3DEC62D398C4F00221868 /* Debug */,
				68B3DEC72D398C4F00221868 /* Release */,
			);
			defaultConfigurationIsVisible = 0;
			defaultConfigurationName = Release;
		};
		68B3DEC82D398C4F00221868 /* Build configuration list for PBXNativeTarget "GiggleGallery" */ = {
			isa = XCConfigurationList;
			buildConfigurations = (
				68B3DEC92D398C4F00221868 /* Debug */,
				68B3DECA2D398C4F00221868 /* Release */,
			);
			defaultConfigurationIsVisible = 0;
			defaultConfigurationName = Release;
		};
		68B3DECB2D398C4F00221868 /* Build configuration list for PBXNativeTarget "GiggleGalleryTests" */ = {
			isa = XCConfigurationList;
			buildConfigurations = (
				68B3DECC2D398C4F00221868 /* Debug */,
				68B3DECD2D398C4F00221868 /* Release */,
			);
			defaultConfigurationIsVisible = 0;
			defaultConfigurationName = Release;
		};
		68B3DECE2D398C4F00221868 /* Build configuration list for PBXNativeTarget "GiggleGalleryUITests" */ = {
			isa = XCConfigurationList;
			buildConfigurations = (
				68B3DECF2D398C4F00221868 /* Debug */,
				68B3DED02D398C4F00221868 /* Release */,
			);
			defaultConfigurationIsVisible = 0;
			defaultConfigurationName = Release;
		};
/* End XCConfigurationList section */
	};
	rootObject = 68B3DE9C2D398C4F00221868 /* Project object */;
}
